
Microsoft Visual Studio Solution File, Format Version 12.00
# Visual Studio Version 16
VisualStudioVersion = 16.0.32126.315
MinimumVisualStudioVersion = 10.0.40219.1
Project("{9A19103F-16F7-4668-BE54-9A1E7A4F7556}") = "PROG6221 POE TASK 1and 2 ST10083915", "PROG6221 POE TASK 1and 2 ST10083915.csproj", "{816EBA97-0048-41EA-9DC7-7E387A677BEB}"
EndProject
Global
	GlobalSection(SolutionConfigurationPlatforms) = preSolution
		Debug|Any CPU = Debug|Any CPU
		Release|Any CPU = Release|Any CPU
	EndGlobalSection
	GlobalSection(ProjectConfigurationPlatforms) = postSolution
		{816EBA97-0048-41EA-9DC7-7E387A677BEB}.Debug|Any CPU.ActiveCfg = Debug|Any CPU
		{816EBA97-0048-41EA-9DC7-7E387A677BEB}.Debug|Any CPU.Build.0 = Debug|Any CPU
		{816EBA97-0048-41EA-9DC7-7E387A677BEB}.Release|Any CPU.ActiveCfg = Release|Any CPU
		{816EBA97-0048-41EA-9DC7-7E387A677BEB}.Release|Any CPU.Build.0 = Release|Any CPU
	EndGlobalSection
	GlobalSection(SolutionProperties) = preSolution
		HideSolutionNode = FALSE
	EndGlobalSection
	GlobalSection(ExtensibilityGlobals) = postSolution
		SolutionGuid = {9706ACE8-C86C-4A24-BD8B-289768C1EBE3}
	EndGlobalSection
EndGlobal
